<Solution>
  <Project Path="Punto1/Punto1.csproj" Id="c6f85ab5-d9cb-453d-918c-f50e712ed8d2" />
  <Project Path="Punto2/Punto2.csproj" Id="2d376df5-ddd6-49ff-8ea4-924244a43497" />
  <Project Path="Punto3/Punto3.csproj" Id="c79a66bb-6bd4-4f1c-8960-b93f7548c1cc" />
  <Project Path="Punto4/Punto4.csproj" Id="334dd9e5-9d1e-4450-8bbd-ff31cb8d4274" />
</Solution>
