<Solution>
  <Project Path="Punto1/Punto1.csproj" Id="5840d4cb-520e-4e20-bab8-9c5673c38b88" />
  <Project Path="Punto2/Punto2.csproj" Id="1d191548-da90-4fb4-b14a-e96cd8cf271f" />
  <Project Path="Punto3/Punto3.csproj" Id="cabe7cfd-f225-4a27-b6b2-596ee3871b9f" />
  <Project Path="Punto4/Punto4.csproj" Id="d1155581-8e05-444a-a13e-1cccc332b561" />
</Solution>
